
Microsoft Visual Studio Solution File, Format Version 12.00
# Visual Studio 15
VisualStudioVersion = 15.0.26730.12
MinimumVisualStudioVersion = 10.0.40219.1
Project("{FAE04EC0-301F-11D3-BF4B-00C04F79EFBC}") = "Task 10_1_15", "Task 10_1_15\Task 10_1_15.csproj", "{F3793E8E-DD87-41EA-96B1-388A7E0AB397}"
EndProject
Project("{FAE04EC0-301F-11D3-BF4B-00C04F79EFBC}") = "MKLibrary", "MKLibrary\MKLibrary.csproj", "{71A4B18A-87FD-445B-B560-78271FD6BF09}"
EndProject
Project("{FAE04EC0-301F-11D3-BF4B-00C04F79EFBC}") = "Task 10_1_5 CLI", "Task 10_1_5 CLI\Task 10_1_5 CLI.csproj", "{E8DF00D1-1CAF-4EF8-BD0B-231205074AC7}"
EndProject
Project("{FAE04EC0-301F-11D3-BF4B-00C04F79EFBC}") = "Game_15", "Game_15\Game_15.csproj", "{6C562CEE-58FB-4C6A-A7DD-0BFA2079E70C}"
EndProject
Project("{FAE04EC0-301F-11D3-BF4B-00C04F79EFBC}") = "UsefulUtils", "UsefulUtils\UsefulUtils.csproj", "{A9027F42-5310-430C-909A-326739585FD9}"
EndProject
Global
	GlobalSection(SolutionConfigurationPlatforms) = preSolution
		Debug|Any CPU = Debug|Any CPU
		Release|Any CPU = Release|Any CPU
	EndGlobalSection
	GlobalSection(ProjectConfigurationPlatforms) = postSolution
		{F3793E8E-DD87-41EA-96B1-388A7E0AB397}.Debug|Any CPU.ActiveCfg = Debug|Any CPU
		{F3793E8E-DD87-41EA-96B1-388A7E0AB397}.Debug|Any CPU.Build.0 = Debug|Any CPU
		{F3793E8E-DD87-41EA-96B1-388A7E0AB397}.Release|Any CPU.ActiveCfg = Release|Any CPU
		{F3793E8E-DD87-41EA-96B1-388A7E0AB397}.Release|Any CPU.Build.0 = Release|Any CPU
		{71A4B18A-87FD-445B-B560-78271FD6BF09}.Debug|Any CPU.ActiveCfg = Debug|Any CPU
		{71A4B18A-87FD-445B-B560-78271FD6BF09}.Debug|Any CPU.Build.0 = Debug|Any CPU
		{71A4B18A-87FD-445B-B560-78271FD6BF09}.Release|Any CPU.ActiveCfg = Release|Any CPU
		{71A4B18A-87FD-445B-B560-78271FD6BF09}.Release|Any CPU.Build.0 = Release|Any CPU
		{E8DF00D1-1CAF-4EF8-BD0B-231205074AC7}.Debug|Any CPU.ActiveCfg = Debug|Any CPU
		{E8DF00D1-1CAF-4EF8-BD0B-231205074AC7}.Debug|Any CPU.Build.0 = Debug|Any CPU
		{E8DF00D1-1CAF-4EF8-BD0B-231205074AC7}.Release|Any CPU.ActiveCfg = Release|Any CPU
		{E8DF00D1-1CAF-4EF8-BD0B-231205074AC7}.Release|Any CPU.Build.0 = Release|Any CPU
		{6C562CEE-58FB-4C6A-A7DD-0BFA2079E70C}.Debug|Any CPU.ActiveCfg = Debug|Any CPU
		{6C562CEE-58FB-4C6A-A7DD-0BFA2079E70C}.Debug|Any CPU.Build.0 = Debug|Any CPU
		{6C562CEE-58FB-4C6A-A7DD-0BFA2079E70C}.Release|Any CPU.ActiveCfg = Release|Any CPU
		{6C562CEE-58FB-4C6A-A7DD-0BFA2079E70C}.Release|Any CPU.Build.0 = Release|Any CPU
		{A9027F42-5310-430C-909A-326739585FD9}.Debug|Any CPU.ActiveCfg = Debug|Any CPU
		{A9027F42-5310-430C-909A-326739585FD9}.Debug|Any CPU.Build.0 = Debug|Any CPU
		{A9027F42-5310-430C-909A-326739585FD9}.Release|Any CPU.ActiveCfg = Release|Any CPU
		{A9027F42-5310-430C-909A-326739585FD9}.Release|Any CPU.Build.0 = Release|Any CPU
	EndGlobalSection
	GlobalSection(SolutionProperties) = preSolution
		HideSolutionNode = FALSE
	EndGlobalSection
	GlobalSection(ExtensibilityGlobals) = postSolution
		SolutionGuid = {DD6FC4A9-999F-4817-ABF5-27ACF82D54E8}
	EndGlobalSection
EndGlobal
